Microsoft Visual Studio Solution File, Format Version 11.00
# Visual Studio 2008

Project("{22F83D8D-EAA7-608E-7873-8AF3CBC7E798}") = "perlinator", "Assembly-CSharp-firstpass.csproj", "{C50A95AB-53CF-FA65-EAC0-9DE3DFE86FA1}"
EndProject
Project("{22F83D8D-EAA7-608E-7873-8AF3CBC7E798}") = "perlinator", "Assembly-CSharp.csproj", "{4D8F9A85-19F5-9AF9-BBCD-EADFE3F37F26}"
EndProject
Project("{22F83D8D-EAA7-608E-7873-8AF3CBC7E798}") = "perlinator", "Assembly-CSharp-Editor.csproj", "{6E7C541F-94A1-DF57-E3FB-A4263A16D86C}"
EndProject
Global
	GlobalSection(SolutionConfigurationPlatforms) = preSolution
		Debug|Any CPU = Debug|Any CPU
		Release|Any CPU = Release|Any CPU
	EndGlobalSection
	GlobalSection(ProjectConfigurationPlatforms) = postSolution
		{C50A95AB-53CF-FA65-EAC0-9DE3DFE86FA1}.Debug|Any CPU.ActiveCfg = Debug|Any CPU
		{C50A95AB-53CF-FA65-EAC0-9DE3DFE86FA1}.Debug|Any CPU.Build.0 = Debug|Any CPU
		{C50A95AB-53CF-FA65-EAC0-9DE3DFE86FA1}.Release|Any CPU.ActiveCfg = Release|Any CPU
		{C50A95AB-53CF-FA65-EAC0-9DE3DFE86FA1}.Release|Any CPU.Build.0 = Release|Any CPU
		{4D8F9A85-19F5-9AF9-BBCD-EADFE3F37F26}.Debug|Any CPU.ActiveCfg = Debug|Any CPU
		{4D8F9A85-19F5-9AF9-BBCD-EADFE3F37F26}.Debug|Any CPU.Build.0 = Debug|Any CPU
		{4D8F9A85-19F5-9AF9-BBCD-EADFE3F37F26}.Release|Any CPU.ActiveCfg = Release|Any CPU
		{4D8F9A85-19F5-9AF9-BBCD-EADFE3F37F26}.Release|Any CPU.Build.0 = Release|Any CPU
		{6E7C541F-94A1-DF57-E3FB-A4263A16D86C}.Debug|Any CPU.ActiveCfg = Debug|Any CPU
		{6E7C541F-94A1-DF57-E3FB-A4263A16D86C}.Debug|Any CPU.Build.0 = Debug|Any CPU
		{6E7C541F-94A1-DF57-E3FB-A4263A16D86C}.Release|Any CPU.ActiveCfg = Release|Any CPU
		{6E7C541F-94A1-DF57-E3FB-A4263A16D86C}.Release|Any CPU.Build.0 = Release|Any CPU
	EndGlobalSection
	GlobalSection(SolutionProperties) = preSolution
		HideSolutionNode = FALSE
	EndGlobalSection
	GlobalSection(MonoDevelopProperties) = preSolution
		StartupItem = Assembly-CSharp.csproj
	EndGlobalSection
EndGlobal
